
Microsoft Visual Studio Solution File, Format Version 12.00
# Visual Studio Version 16
VisualStudioVersion = 16.0.31911.196
MinimumVisualStudioVersion = 10.0.40219.1
Project("{FAE04EC0-301F-11D3-BF4B-00C04F79EFBC}") = "ChatServer", "TCPChat\ChatServer.csproj", "{879DE08F-D5A0-4B94-BB5F-9CB94DE1089A}"
EndProject
Project("{FAE04EC0-301F-11D3-BF4B-00C04F79EFBC}") = "ChatClient", "ChatServer\ChatClient.csproj", "{EBA7B10B-F4A1-4EA8-88DA-65BA094A68BD}"
EndProject
Global
	GlobalSection(SolutionConfigurationPlatforms) = preSolution
		Debug|Any CPU = Debug|Any CPU
		Release|Any CPU = Release|Any CPU
	EndGlobalSection
	GlobalSection(ProjectConfigurationPlatforms) = postSolution
		{879DE08F-D5A0-4B94-BB5F-9CB94DE1089A}.Debug|Any CPU.ActiveCfg = Debug|Any CPU
		{879DE08F-D5A0-4B94-BB5F-9CB94DE1089A}.Debug|Any CPU.Build.0 = Debug|Any CPU
		{879DE08F-D5A0-4B94-BB5F-9CB94DE1089A}.Release|Any CPU.ActiveCfg = Release|Any CPU
		{879DE08F-D5A0-4B94-BB5F-9CB94DE1089A}.Release|Any CPU.Build.0 = Release|Any CPU
		{EBA7B10B-F4A1-4EA8-88DA-65BA094A68BD}.Debug|Any CPU.ActiveCfg = Debug|Any CPU
		{EBA7B10B-F4A1-4EA8-88DA-65BA094A68BD}.Debug|Any CPU.Build.0 = Debug|Any CPU
		{EBA7B10B-F4A1-4EA8-88DA-65BA094A68BD}.Release|Any CPU.ActiveCfg = Release|Any CPU
		{EBA7B10B-F4A1-4EA8-88DA-65BA094A68BD}.Release|Any CPU.Build.0 = Release|Any CPU
	EndGlobalSection
	GlobalSection(SolutionProperties) = preSolution
		HideSolutionNode = FALSE
	EndGlobalSection
	GlobalSection(ExtensibilityGlobals) = postSolution
		SolutionGuid = {D030465D-45FA-4520-A0A4-6217AC51BF53}
	EndGlobalSection
EndGlobal
